// !$*UTF8*$!
{
	archiveVersion = 1;
	classes = {
	};
	objectVersion = 46;
	objects = {

/* Begin PBXBuildFile section */
		21EB0BB11F3F531C00BC9E77 /* AppDelegate.swift in Sources */ = {isa = PBXBuildFile; fileRef = 21EB0BB01F3F531C00BC9E77 /* AppDelegate.swift */; };
		21EB0BB31F3F531C00BC9E77 /* ViewController.swift in Sources */ = {isa = PBXBuildFile; fileRef = 21EB0BB21F3F531C00BC9E77 /* ViewController.swift */; };
		21EB0BB61F3F531C00BC9E77 /* Main.storyboard in Resources */ = {isa = PBXBuildFile; fileRef = 21EB0BB41F3F531C00BC9E77 /* Main.storyboard */; };
		21EB0BB81F3F531C00BC9E77 /* Assets.xcassets in Resources */ = {isa = PBXBuildFile; fileRef = 21EB0BB71F3F531C00BC9E77 /* Assets.xcassets */; };
		21EB0BBB1F3F531D00BC9E77 /* LaunchScreen.storyboard in Resources */ = {isa = PBXBuildFile; fileRef = 21EB0BB91F3F531D00BC9E77 /* LaunchScreen.storyboard */; };
		21EB0BC31F3F53ED00BC9E77 /* hustle-on.wav in Resources */ = {isa = PBXBuildFile; fileRef = 21EB0BC21F3F53ED00BC9E77 /* hustle-on.wav */; };
/* End PBXBuildFile section */

/* Begin PBXFileReference section */
		21EB0BAD1F3F531C00BC9E77 /* Hustle Mode.app */ = {isa = PBXFileReference; explicitFileType = wrapper.application; includeInIndex = 0; path = "Hustle Mode.app"; sourceTree = BUILT_PRODUCTS_DIR; };
		21EB0BB01F3F531C00BC9E77 /* AppDelegate.swift */ = {isa = PBXFileReference; lastKnownFileType = sourcecode.swift; path = AppDelegate.swift; sourceTree = "<group>"; };
		21EB0BB21F3F531C00BC9E77 /* ViewController.swift */ = {isa = PBXFileReference; lastKnownFileType = sourcecode.swift; path = ViewController.swift; sourceTree = "<group>"; };
		21EB0BB51F3F531C00BC9E77 /* Base */ = {isa = PBXFileReference; lastKnownFileType = file.storyboard; name = Base; path = Base.lproj/Main.storyboard; sourceTree = "<group>"; };
		21EB0BB71F3F531C00BC9E77 /* Assets.xcassets */ = {isa = PBXFileReference; lastKnownFileType = folder.assetcatalog; path = Assets.xcassets; sourceTree = "<group>"; };
		21EB0BBA1F3F531D00BC9E77 /* Base */ = {isa = PBXFileReference; lastKnownFileType = file.storyboard; name = Base; path = Base.lproj/LaunchScreen.storyboard; sourceTree = "<group>"; };
		21EB0BBC1F3F531D00BC9E77 /* Info.plist */ = {isa = PBXFileReference; lastKnownFileType = text.plist.xml; path = Info.plist; sourceTree = "<group>"; };
		21EB0BC21F3F53ED00BC9E77 /* hustle-on.wav */ = {isa = PBXFileReference; lastKnownFileType = audio.wav; path = "hustle-on.wav"; sourceTree = "<group>"; };
/* End PBXFileReference section */

/* Begin PBXFrameworksBuildPhase section */
		21EB0BAA1F3F531C00BC9E77 /* Frameworks */ = {
			isa = PBXFrameworksBuildPhase;
			buildActionMask = 2147483647;
			files = (
			);
			runOnlyForDeploymentPostprocessing = 0;
		};
/* End PBXFrameworksBuildPhase section */

/* Begin PBXGroup section */
		21EB0BA41F3F531C00BC9E77 = {
			isa = PBXGroup;
			children = (
				21EB0BAF1F3F531C00BC9E77 /* Hustle Mode */,
				21EB0BAE1F3F531C00BC9E77 /* Products */,
			);
			sourceTree = "<group>";
		};
		21EB0BAE1F3F531C00BC9E77 /* Products */ = {
			isa = PBXGroup;
			children = (
				21EB0BAD1F3F531C00BC9E77 /* Hustle Mode.app */,
			);
			name = Products;
			sourceTree = "<group>";
		};
		21EB0BAF1F3F531C00BC9E77 /* Hustle Mode */ = {
			isa = PBXGroup;
			children = (
				21EB0BC21F3F53ED00BC9E77 /* hustle-on.wav */,
				21EB0BB01F3F531C00BC9E77 /* AppDelegate.swift */,
				21EB0BB21F3F531C00BC9E77 /* ViewController.swift */,
				21EB0BB41F3F531C00BC9E77 /* Main.storyboard */,
				21EB0BB71F3F531C00BC9E77 /* Assets.xcassets */,
				21EB0BB91F3F531D00BC9E77 /* LaunchScreen.storyboard */,
				21EB0BBC1F3F531D00BC9E77 /* Info.plist */,
			);
			path = "Hustle Mode";
			sourceTree = "<group>";
		};
/* End PBXGroup section */

/* Begin PBXNativeTarget section */
		21EB0BAC1F3F531C00BC9E77 /* Hustle Mode */ = {
			isa = PBXNativeTarget;
			buildConfigurationList = 21EB0BBF1F3F531D00BC9E77 /* Build configuration list for PBXNativeTarget "Hustle Mode" */;
			buildPhases = (
				21EB0BA91F3F531C00BC9E77 /* Sources */,
				21EB0BAA1F3F531C00BC9E77 /* Frameworks */,
				21EB0BAB1F3F531C00BC9E77 /* Resources */,
			);
			buildRules = (
			);
			dependencies = (
			);
			name = "Hustle Mode";
			productName = "Hustle Mode";
			productReference = 21EB0BAD1F3F531C00BC9E77 /* Hustle Mode.app */;
			productType = "com.apple.product-type.application";
		};
/* End PBXNativeTarget section */

/* Begin PBXProject section */
		21EB0BA51F3F531C00BC9E77 /* Project object */ = {
			isa = PBXProject;
			attributes = {
				LastSwiftUpdateCheck = 0830;
				LastUpgradeCheck = 0830;
				ORGANIZATIONNAME = "Vibhanshu Vaibhav";
				TargetAttributes = {
					21EB0BAC1F3F531C00BC9E77 = {
						CreatedOnToolsVersion = 8.3.3;
						ProvisioningStyle = Automatic;
					};
				};
			};
			buildConfigurationList = 21EB0BA81F3F531C00BC9E77 /* Build configuration list for PBXProject "Hustle Mode" */;
			compatibilityVersion = "Xcode 3.2";
			developmentRegion = English;
			hasScannedForEncodings = 0;
			knownRegions = (
				en,
				Base,
			);
			mainGroup = 21EB0BA41F3F531C00BC9E77;
			productRefGroup = 21EB0BAE1F3F531C00BC9E77 /* Products */;
			projectDirPath = "";
			projectRoot = "";
			targets = (
				21EB0BAC1F3F531C00BC9E77 /* Hustle Mode */,
			);
		};
/* End PBXProject section */

/* Begin PBXResourcesBuildPhase section */
		21EB0BAB1F3F531C00BC9E77 /* Resources */ = {
			isa = PBXResourcesBuildPhase;
			buildActionMask = 2147483647;
			files = (
				21EB0BC31F3F53ED00BC9E77 /* hustle-on.wav in Resources */,
				21EB0BBB1F3F531D00BC9E77 /* LaunchScreen.storyboard in Resources */,
				21EB0BB81F3F531C00BC9E77 /* Assets.xcassets in Resources */,
				21EB0BB61F3F531C00BC9E77 /* Main.storyboard in Resources */,
			);
			runOnlyForDeploymentPostprocessing = 0;
		};
/* End PBXResourcesBuildPhase section */

/* Begin PBXSourcesBuildPhase section */
		21EB0BA91F3F531C00BC9E77 /* Sources */ = {
			isa = PBXSourcesBuildPhase;
			buildActionMask = 2147483647;
			files = (
				21EB0BB31F3F531C00BC9E77 /* ViewController.swift in Sources */,
				21EB0BB11F3F531C00BC9E77 /* AppDelegate.swift in Sources */,
			);
			runOnlyForDeploymentPostprocessing = 0;
		};
/* End PBXSourcesBuildPhase section */

/* Begin PBXVariantGroup section */
		21EB0BB41F3F531C00BC9E77 /* Main.storyboard */ = {
			isa = PBXVariantGroup;
			children = (
				21EB0BB51F3F531C00BC9E77 /* Base */,
			);
			name = Main.storyboard;
			sourceTree = "<group>";
		};
		21EB0BB91F3F531D00BC9E77 /* LaunchScreen.storyboard */ = {
			isa = PBXVariantGroup;
			children = (
				21EB0BBA1F3F531D00BC9E77 /* Base */,
			);
			name = LaunchScreen.storyboard;
			sourceTree = "<group>";
		};
/* End PBXVariantGroup section */

/* Begin XCBuildConfiguration section */
		21EB0BBD1F3F531D00BC9E77 /* Debug */ = {
			isa = XCBuildConfiguration;
			buildSettings = {
				ALWAYS_SEARCH_USER_PATHS = NO;
				CLANG_ANALYZER_NONNULL = YES;
				CLANG_ANALYZER_NUMBER_OBJECT_CONVERSION = YES_AGGRESSIVE;
				CLANG_CXX_LANGUAGE_STANDARD = "gnu++0x";
				CLANG_CXX_LIBRARY = "libc++";
				CLANG_ENABLE_MODULES = YES;
				CLANG_ENABLE_OBJC_ARC = YES;
				CLANG_WARN_BOOL_CONVERSION = YES;
				CLANG_WARN_CONSTANT_CONVERSION = YES;
				CLANG_WARN_DIRECT_OBJC_ISA_USAGE = YES_ERROR;
				CLANG_WARN_DOCUMENTATION_COMMENTS = YES;
				CLANG_WARN_EMPTY_BODY = YES;
				CLANG_WARN_ENUM_CONVERSION = YES;
				CLANG_WARN_INFINITE_RECURSION = YES;
				CLANG_WARN_INT_CONVERSION = YES;
				CLANG_WARN_OBJC_ROOT_CLASS = YES_ERROR;
				CLANG_WARN_SUSPICIOUS_MOVE = YES;
				CLANG_WARN_UNREACHABLE_CODE = YES;
				CLANG_WARN__DUPLICATE_METHOD_MATCH = YES;
				"CODE_SIGN_IDENTITY[sdk=iphoneos*]" = "iPhone Developer";
				COPY_PHASE_STRIP = NO;
				DEBUG_INFORMATION_FORMAT = dwarf;
				ENABLE_STRICT_OBJC_MSGSEND = YES;
				ENABLE_TESTABILITY = YES;
				GCC_C_LANGUAGE_STANDARD = gnu99;
				GCC_DYNAMIC_NO_PIC = NO;
				GCC_NO_COMMON_BLOCKS = YES;
				GCC_OPTIMIZATION_LEVEL = 0;
				GCC_PREPROCESSOR_DEFINITIONS = (
					"DEBUG=1",
					"$(inherited)",
				);
				GCC_WARN_64_TO_32_BIT_CONVERSION = YES;
				GCC_WARN_ABOUT_RETURN_TYPE = YES_ERROR;
				GCC_WARN_UNDECLARED_SELECTOR = YES;
				GCC_WARN_UNINITIALIZED_AUTOS = YES_AGGRESSIVE;
				GCC_WARN_UNUSED_FUNCTION = YES;
				GCC_WARN_UNUSED_VARIABLE = YES;
				IPHONEOS_DEPLOYMENT_TARGET = 10.3;
				MTL_ENABLE_DEBUG_INFO = YES;
				ONLY_ACTIVE_ARCH = YES;
				SDKROOT = iphoneos;
				SWIFT_ACTIVE_COMPILATION_CONDITIONS = DEBUG;
				SWIFT_OPTIMIZATION_LEVEL = "-Onone";
				TARGETED_DEVICE_FAMILY = "1,2";
			};
			name = Debug;
		};
		21EB0BBE1F3F531D00BC9E77 /* Release */ = {
			isa = XCBuildConfiguration;
			buildSettings = {
				ALWAYS_SEARCH_USER_PATHS = NO;
				CLANG_ANALYZER_NONNULL = YES;
				CLANG_ANALYZER_NUMBER_OBJECT_CONVERSION = YES_AGGRESSIVE;
				CLANG_CXX_LANGUAGE_STANDARD = "gnu++0x";
				CLANG_CXX_LIBRARY = "libc++";
				CLANG_ENABLE_MODULES = YES;
				CLANG_ENABLE_OBJC_ARC = YES;
				CLANG_WARN_BOOL_CONVERSION = YES;
				CLANG_WARN_CONSTANT_CONVERSION = YES;
				CLANG_WARN_DIRECT_OBJC_ISA_USAGE = YES_ERROR;
				CLANG_WARN_DOCUMENTATION_COMMENTS = YES;
				CLANG_WARN_EMPTY_BODY = YES;
				CLANG_WARN_ENUM_CONVERSION = YES;
				CLANG_WARN_INFINITE_RECURSION = YES;
				CLANG_WARN_INT_CONVERSION = YES;
				CLANG_WARN_OBJC_ROOT_CLASS = YES_ERROR;
				CLANG_WARN_SUSPICIOUS_MOVE = YES;
				CLANG_WARN_UNREACHABLE_CODE = YES;
				CLANG_WARN__DUPLICATE_METHOD_MATCH = YES;
				"CODE_SIGN_IDENTITY[sdk=iphoneos*]" = "iPhone Developer";
				COPY_PHASE_STRIP = NO;
				DEBUG_INFORMATION_FORMAT = "dwarf-with-dsym";
				ENABLE_NS_ASSERTIONS = NO;
				ENABLE_STRICT_OBJC_MSGSEND = YES;
				GCC_C_LANGUAGE_STANDARD = gnu99;
				GCC_NO_COMMON_BLOCKS = YES;
				GCC_WARN_64_TO_32_BIT_CONVERSION = YES;
				GCC_WARN_ABOUT_RETURN_TYPE = YES_ERROR;
				GCC_WARN_UNDECLARED_SELECTOR = YES;
				GCC_WARN_UNINITIALIZED_AUTOS = YES_AGGRESSIVE;
				GCC_WARN_UNUSED_FUNCTION = YES;
				GCC_WARN_UNUSED_VARIABLE = YES;
				IPHONEOS_DEPLOYMENT_TARGET = 10.3;
				MTL_ENABLE_DEBUG_INFO = NO;
				SDKROOT = iphoneos;
				SWIFT_OPTIMIZATION_LEVEL = "-Owholemodule";
				TARGETED_DEVICE_FAMILY = "1,2";
				VALIDATE_PRODUCT = YES;
			};
			name = Release;
		};
		21EB0BC01F3F531D00BC9E77 /* Debug */ = {
			isa = XCBuildConfiguration;
			buildSettings = {
				ASSETCATALOG_COMPILER_APPICON_NAME = AppIcon;
				INFOPLIST_FILE = "Hustle Mode/Info.plist";
				LD_RUNPATH_SEARCH_PATHS = "$(inherited) @executable_path/Frameworks";
				PRODUCT_BUNDLE_IDENTIFIER = "com.vibhanshuvaibhav.Hustle-Mode";
				PRODUCT_NAME = "$(TARGET_NAME)";
				SWIFT_VERSION = 3.0;
			};
			name = Debug;
		};
		21EB0BC11F3F531D00BC9E77 /* Release */ = {
			isa = XCBuildConfiguration;
			buildSettings = {
				ASSETCATALOG_COMPILER_APPICON_NAME = AppIcon;
				INFOPLIST_FILE = "Hustle Mode/Info.plist";
				LD_RUNPATH_SEARCH_PATHS = "$(inherited) @executable_path/Frameworks";
				PRODUCT_BUNDLE_IDENTIFIER = "com.vibhanshuvaibhav.Hustle-Mode";
				PRODUCT_NAME = "$(TARGET_NAME)";
				SWIFT_VERSION = 3.0;
			};
			name = Release;
		};
/* End XCBuildConfiguration section */

/* Begin XCConfigurationList section */
		21EB0BA81F3F531C00BC9E77 /* Build configuration list for PBXProject "Hustle Mode" */ = {
			isa = XCConfigurationList;
			buildConfigurations = (
				21EB0BBD1F3F531D00BC9E77 /* Debug */,
				21EB0BBE1F3F531D00BC9E77 /* Release */,
			);
			defaultConfigurationIsVisible = 0;
			defaultConfigurationName = Release;
		};
		21EB0BBF1F3F531D00BC9E77 /* Build configuration list for PBXNativeTarget "Hustle Mode" */ = {
			isa = XCConfigurationList;
			buildConfigurations = (
				21EB0BC01F3F531D00BC9E77 /* Debug */,
				21EB0BC11F3F531D00BC9E77 /* Release */,
			);
			defaultConfigurationIsVisible = 0;
		};
/* End XCConfigurationList section */
	};
	rootObject = 21EB0BA51F3F531C00BC9E77 /* Project object */;
}
